// !$*UTF8*$!
{
	archiveVersion = 1;
	classes = {
	};
	objectVersion = 56;
	objects = {

/* Begin PBXBuildFile section */
		1C28F9F02B2F83E2005D6EDD /* ConnectionView.swift in Sources */ = {isa = PBXBuildFile; fileRef = 1C28F9EF2B2F83E2005D6EDD /* ConnectionView.swift */; };
		1C28F9F22B2F867F005D6EDD /* SensorDataView.swift in Sources */ = {isa = PBXBuildFile; fileRef = 1C28F9F12B2F867F005D6EDD /* SensorDataView.swift */; };
		1C28F9F52B2F8E16005D6EDD /* BackgroundView.swift in Sources */ = {isa = PBXBuildFile; fileRef = 1C28F9F42B2F8E16005D6EDD /* BackgroundView.swift */; };
		1C28F9F72B2F9805005D6EDD /* ConnectBluetoothService.swift in Sources */ = {isa = PBXBuildFile; fileRef = 1C28F9F62B2F9805005D6EDD /* ConnectBluetoothService.swift */; };
		1C28F9FE2B2FCFBC005D6EDD /* DeviceDataModel.swift in Sources */ = {isa = PBXBuildFile; fileRef = 1C28F9FD2B2FCFBC005D6EDD /* DeviceDataModel.swift */; };
		1C2A40862B055A1A0042111D /* IoT_ESP32_BLEApp.swift in Sources */ = {isa = PBXBuildFile; fileRef = 1C2A40852B055A1A0042111D /* IoT_ESP32_BLEApp.swift */; };
		1C2A40882B055A1A0042111D /* ContentView.swift in Sources */ = {isa = PBXBuildFile; fileRef = 1C2A40872B055A1A0042111D /* ContentView.swift */; };
		1C2A408A2B055A1C0042111D /* Assets.xcassets in Resources */ = {isa = PBXBuildFile; fileRef = 1C2A40892B055A1C0042111D /* Assets.xcassets */; };
		1C2A408D2B055A1C0042111D /* Preview Assets.xcassets in Resources */ = {isa = PBXBuildFile; fileRef = 1C2A408C2B055A1C0042111D /* Preview Assets.xcassets */; };
		1C2A40972B055A1D0042111D /* IoT_ESP32_BLETests.swift in Sources */ = {isa = PBXBuildFile; fileRef = 1C2A40962B055A1D0042111D /* IoT_ESP32_BLETests.swift */; };
		1C2A40A12B055A1D0042111D /* IoT_ESP32_BLEUITests.swift in Sources */ = {isa = PBXBuildFile; fileRef = 1C2A40A02B055A1D0042111D /* IoT_ESP32_BLEUITests.swift */; };
		1C2A40A32B055A1D0042111D /* IoT_ESP32_BLEUITestsLaunchTests.swift in Sources */ = {isa = PBXBuildFile; fileRef = 1C2A40A22B055A1D0042111D /* IoT_ESP32_BLEUITestsLaunchTests.swift */; };
		1C2A40B02B063C900042111D /* BluetoothService.swift in Sources */ = {isa = PBXBuildFile; fileRef = 1C2A40AF2B063C900042111D /* BluetoothService.swift */; };
/* End PBXBuildFile section */

/* Begin PBXContainerItemProxy section */
		1C2A40932B055A1D0042111D /* PBXContainerItemProxy */ = {
			isa = PBXContainerItemProxy;
			containerPortal = 1C2A407A2B055A1A0042111D /* Project object */;
			proxyType = 1;
			remoteGlobalIDString = 1C2A40812B055A1A0042111D;
			remoteInfo = IoT_ESP32_BLE;
		};
		1C2A409D2B055A1D0042111D /* PBXContainerItemProxy */ = {
			isa = PBXContainerItemProxy;
			containerPortal = 1C2A407A2B055A1A0042111D /* Project object */;
			proxyType = 1;
			remoteGlobalIDString = 1C2A40812B055A1A0042111D;
			remoteInfo = IoT_ESP32_BLE;
		};
/* End PBXContainerItemProxy section */

/* Begin PBXFileReference section */
		1C28F9EF2B2F83E2005D6EDD /* ConnectionView.swift */ = {isa = PBXFileReference; lastKnownFileType = sourcecode.swift; path = ConnectionView.swift; sourceTree = "<group>"; };
		1C28F9F12B2F867F005D6EDD /* SensorDataView.swift */ = {isa = PBXFileReference; lastKnownFileType = sourcecode.swift; path = SensorDataView.swift; sourceTree = "<group>"; };
		1C28F9F42B2F8E16005D6EDD /* BackgroundView.swift */ = {isa = PBXFileReference; lastKnownFileType = sourcecode.swift; path = BackgroundView.swift; sourceTree = "<group>"; };
		1C28F9F62B2F9805005D6EDD /* ConnectBluetoothService.swift */ = {isa = PBXFileReference; lastKnownFileType = sourcecode.swift; path = ConnectBluetoothService.swift; sourceTree = "<group>"; };
		1C28F9FD2B2FCFBC005D6EDD /* DeviceDataModel.swift */ = {isa = PBXFileReference; lastKnownFileType = sourcecode.swift; path = DeviceDataModel.swift; sourceTree = "<group>"; };
		1C2A40822B055A1A0042111D /* IoT_ESP32_BLE.app */ = {isa = PBXFileReference; explicitFileType = wrapper.application; includeInIndex = 0; path = IoT_ESP32_BLE.app; sourceTree = BUILT_PRODUCTS_DIR; };
		1C2A40852B055A1A0042111D /* IoT_ESP32_BLEApp.swift */ = {isa = PBXFileReference; lastKnownFileType = sourcecode.swift; path = IoT_ESP32_BLEApp.swift; sourceTree = "<group>"; };
		1C2A40872B055A1A0042111D /* ContentView.swift */ = {isa = PBXFileReference; lastKnownFileType = sourcecode.swift; path = ContentView.swift; sourceTree = "<group>"; };
		1C2A40892B055A1C0042111D /* Assets.xcassets */ = {isa = PBXFileReference; lastKnownFileType = folder.assetcatalog; path = Assets.xcassets; sourceTree = "<group>"; };
		1C2A408C2B055A1C0042111D /* Preview Assets.xcassets */ = {isa = PBXFileReference; lastKnownFileType = folder.assetcatalog; path = "Preview Assets.xcassets"; sourceTree = "<group>"; };
		1C2A40922B055A1D0042111D /* IoT_ESP32_BLETests.xctest */ = {isa = PBXFileReference; explicitFileType = wrapper.cfbundle; includeInIndex = 0; path = IoT_ESP32_BLETests.xctest; sourceTree = BUILT_PRODUCTS_DIR; };
		1C2A40962B055A1D0042111D /* IoT_ESP32_BLETests.swift */ = {isa = PBXFileReference; lastKnownFileType = sourcecode.swift; path = IoT_ESP32_BLETests.swift; sourceTree = "<group>"; };
		1C2A409C2B055A1D0042111D /* IoT_ESP32_BLEUITests.xctest */ = {isa = PBXFileReference; explicitFileType = wrapper.cfbundle; includeInIndex = 0; path = IoT_ESP32_BLEUITests.xctest; sourceTree = BUILT_PRODUCTS_DIR; };
		1C2A40A02B055A1D0042111D /* IoT_ESP32_BLEUITests.swift */ = {isa = PBXFileReference; lastKnownFileType = sourcecode.swift; path = IoT_ESP32_BLEUITests.swift; sourceTree = "<group>"; };
		1C2A40A22B055A1D0042111D /* IoT_ESP32_BLEUITestsLaunchTests.swift */ = {isa = PBXFileReference; lastKnownFileType = sourcecode.swift; path = IoT_ESP32_BLEUITestsLaunchTests.swift; sourceTree = "<group>"; };
		1C2A40AF2B063C900042111D /* BluetoothService.swift */ = {isa = PBXFileReference; lastKnownFileType = sourcecode.swift; path = BluetoothService.swift; sourceTree = "<group>"; };
		1C9B00B12B2F45A700EC0E19 /* IoT-ESP32-BLE-Info.plist */ = {isa = PBXFileReference; lastKnownFileType = text.plist; path = "IoT-ESP32-BLE-Info.plist"; sourceTree = SOURCE_ROOT; };
/* End PBXFileReference section */

/* Begin PBXFrameworksBuildPhase section */
		1C2A407F2B055A1A0042111D /* Frameworks */ = {
			isa = PBXFrameworksBuildPhase;
			buildActionMask = 2147483647;
			files = (
			);
			runOnlyForDeploymentPostprocessing = 0;
		};
		1C2A408F2B055A1D0042111D /* Frameworks */ = {
			isa = PBXFrameworksBuildPhase;
			buildActionMask = 2147483647;
			files = (
			);
			runOnlyForDeploymentPostprocessing = 0;
		};
		1C2A40992B055A1D0042111D /* Frameworks */ = {
			isa = PBXFrameworksBuildPhase;
			buildActionMask = 2147483647;
			files = (
			);
			runOnlyForDeploymentPostprocessing = 0;
		};
/* End PBXFrameworksBuildPhase section */

/* Begin PBXGroup section */
		1C28F9F82B2F9811005D6EDD /* ViewModels */ = {
			isa = PBXGroup;
			children = (
				1C2A40AF2B063C900042111D /* BluetoothService.swift */,
				1C28F9F62B2F9805005D6EDD /* ConnectBluetoothService.swift */,
			);
			path = ViewModels;
			sourceTree = "<group>";
		};
		1C28F9F92B2F9845005D6EDD /* Views */ = {
			isa = PBXGroup;
			children = (
				1C2A40872B055A1A0042111D /* ContentView.swift */,
				1C28F9F42B2F8E16005D6EDD /* BackgroundView.swift */,
				1C28F9EF2B2F83E2005D6EDD /* ConnectionView.swift */,
				1C28F9F12B2F867F005D6EDD /* SensorDataView.swift */,
			);
			path = Views;
			sourceTree = "<group>";
		};
		1C28F9FA2B2F9858005D6EDD /* Models */ = {
			isa = PBXGroup;
			children = (
				1C28F9FD2B2FCFBC005D6EDD /* DeviceDataModel.swift */,
			);
			path = Models;
			sourceTree = "<group>";
		};
		1C2A40792B055A1A0042111D = {
			isa = PBXGroup;
			children = (
				1C2A40842B055A1A0042111D /* IoT_ESP32_BLE */,
				1C2A40952B055A1D0042111D /* IoT_ESP32_BLETests */,
				1C2A409F2B055A1D0042111D /* IoT_ESP32_BLEUITests */,
				1C2A40832B055A1A0042111D /* Products */,
			);
			sourceTree = "<group>";
		};
		1C2A40832B055A1A0042111D /* Products */ = {
			isa = PBXGroup;
			children = (
				1C2A40822B055A1A0042111D /* IoT_ESP32_BLE.app */,
				1C2A40922B055A1D0042111D /* IoT_ESP32_BLETests.xctest */,
				1C2A409C2B055A1D0042111D /* IoT_ESP32_BLEUITests.xctest */,
			);
			name = Products;
			sourceTree = "<group>";
		};
		1C2A40842B055A1A0042111D /* IoT_ESP32_BLE */ = {
			isa = PBXGroup;
			children = (
				1C28F9FA2B2F9858005D6EDD /* Models */,
				1C28F9F92B2F9845005D6EDD /* Views */,
				1C28F9F82B2F9811005D6EDD /* ViewModels */,
				1C9B00B12B2F45A700EC0E19 /* IoT-ESP32-BLE-Info.plist */,
				1C2A40852B055A1A0042111D /* IoT_ESP32_BLEApp.swift */,
				1C2A40892B055A1C0042111D /* Assets.xcassets */,
				1C2A408B2B055A1C0042111D /* Preview Content */,
			);
			path = IoT_ESP32_BLE;
			sourceTree = "<group>";
		};
		1C2A408B2B055A1C0042111D /* Preview Content */ = {
			isa = PBXGroup;
			children = (
				1C2A408C2B055A1C0042111D /* Preview Assets.xcassets */,
			);
			path = "Preview Content";
			sourceTree = "<group>";
		};
		1C2A40952B055A1D0042111D /* IoT_ESP32_BLETests */ = {
			isa = PBXGroup;
			children = (
				1C2A40962B055A1D0042111D /* IoT_ESP32_BLETests.swift */,
			);
			path = IoT_ESP32_BLETests;
			sourceTree = "<group>";
		};
		1C2A409F2B055A1D0042111D /* IoT_ESP32_BLEUITests */ = {
			isa = PBXGroup;
			children = (
				1C2A40A02B055A1D0042111D /* IoT_ESP32_BLEUITests.swift */,
				1C2A40A22B055A1D0042111D /* IoT_ESP32_BLEUITestsLaunchTests.swift */,
			);
			path = IoT_ESP32_BLEUITests;
			sourceTree = "<group>";
		};
/* End PBXGroup section */

/* Begin PBXNativeTarget section */
		1C2A40812B055A1A0042111D /* IoT_ESP32_BLE */ = {
			isa = PBXNativeTarget;
			buildConfigurationList = 1C2A40A62B055A1D0042111D /* Build configuration list for PBXNativeTarget "IoT_ESP32_BLE" */;
			buildPhases = (
				1C2A407E2B055A1A0042111D /* Sources */,
				1C2A407F2B055A1A0042111D /* Frameworks */,
				1C2A40802B055A1A0042111D /* Resources */,
			);
			buildRules = (
			);
			dependencies = (
			);
			name = IoT_ESP32_BLE;
			productName = IoT_ESP32_BLE;
			productReference = 1C2A40822B055A1A0042111D /* IoT_ESP32_BLE.app */;
			productType = "com.apple.product-type.application";
		};
		1C2A40912B055A1D0042111D /* IoT_ESP32_BLETests */ = {
			isa = PBXNativeTarget;
			buildConfigurationList = 1C2A40A92B055A1D0042111D /* Build configuration list for PBXNativeTarget "IoT_ESP32_BLETests" */;
			buildPhases = (
				1C2A408E2B055A1D0042111D /* Sources */,
				1C2A408F2B055A1D0042111D /* Frameworks */,
				1C2A40902B055A1D0042111D /* Resources */,
			);
			buildRules = (
			);
			dependencies = (
				1C2A40942B055A1D0042111D /* PBXTargetDependency */,
			);
			name = IoT_ESP32_BLETests;
			productName = IoT_ESP32_BLETests;
			productReference = 1C2A40922B055A1D0042111D /* IoT_ESP32_BLETests.xctest */;
			productType = "com.apple.product-type.bundle.unit-test";
		};
		1C2A409B2B055A1D0042111D /* IoT_ESP32_BLEUITests */ = {
			isa = PBXNativeTarget;
			buildConfigurationList = 1C2A40AC2B055A1D0042111D /* Build configuration list for PBXNativeTarget "IoT_ESP32_BLEUITests" */;
			buildPhases = (
				1C2A40982B055A1D0042111D /* Sources */,
				1C2A40992B055A1D0042111D /* Frameworks */,
				1C2A409A2B055A1D0042111D /* Resources */,
			);
			buildRules = (
			);
			dependencies = (
				1C2A409E2B055A1D0042111D /* PBXTargetDependency */,
			);
			name = IoT_ESP32_BLEUITests;
			productName = IoT_ESP32_BLEUITests;
			productReference = 1C2A409C2B055A1D0042111D /* IoT_ESP32_BLEUITests.xctest */;
			productType = "com.apple.product-type.bundle.ui-testing";
		};
/* End PBXNativeTarget section */

/* Begin PBXProject section */
		1C2A407A2B055A1A0042111D /* Project object */ = {
			isa = PBXProject;
			attributes = {
				BuildIndependentTargetsInParallel = 1;
				LastSwiftUpdateCheck = 1500;
				LastUpgradeCheck = 1500;
				TargetAttributes = {
					1C2A40812B055A1A0042111D = {
						CreatedOnToolsVersion = 15.0.1;
					};
					1C2A40912B055A1D0042111D = {
						CreatedOnToolsVersion = 15.0.1;
						TestTargetID = 1C2A40812B055A1A0042111D;
					};
					1C2A409B2B055A1D0042111D = {
						CreatedOnToolsVersion = 15.0.1;
						TestTargetID = 1C2A40812B055A1A0042111D;
					};
				};
			};
			buildConfigurationList = 1C2A407D2B055A1A0042111D /* Build configuration list for PBXProject "IoT_ESP32_BLE" */;
			compatibilityVersion = "Xcode 14.0";
			developmentRegion = en;
			hasScannedForEncodings = 0;
			knownRegions = (
				en,
				Base,
			);
			mainGroup = 1C2A40792B055A1A0042111D;
			productRefGroup = 1C2A40832B055A1A0042111D /* Products */;
			projectDirPath = "";
			projectRoot = "";
			targets = (
				1C2A40812B055A1A0042111D /* IoT_ESP32_BLE */,
				1C2A40912B055A1D0042111D /* IoT_ESP32_BLETests */,
				1C2A409B2B055A1D0042111D /* IoT_ESP32_BLEUITests */,
			);
		};
/* End PBXProject section */

/* Begin PBXResourcesBuildPhase section */
		1C2A40802B055A1A0042111D /* Resources */ = {
			isa = PBXResourcesBuildPhase;
			buildActionMask = 2147483647;
			files = (
				1C2A408D2B055A1C0042111D /* Preview Assets.xcassets in Resources */,
				1C2A408A2B055A1C0042111D /* Assets.xcassets in Resources */,
			);
			runOnlyForDeploymentPostprocessing = 0;
		};
		1C2A40902B055A1D0042111D /* Resources */ = {
			isa = PBXResourcesBuildPhase;
			buildActionMask = 2147483647;
			files = (
			);
			runOnlyForDeploymentPostprocessing = 0;
		};
		1C2A409A2B055A1D0042111D /* Resources */ = {
			isa = PBXResourcesBuildPhase;
			buildActionMask = 2147483647;
			files = (
			);
			runOnlyForDeploymentPostprocessing = 0;
		};
/* End PBXResourcesBuildPhase section */

/* Begin PBXSourcesBuildPhase section */
		1C2A407E2B055A1A0042111D /* Sources */ = {
			isa = PBXSourcesBuildPhase;
			buildActionMask = 2147483647;
			files = (
				1C28F9F52B2F8E16005D6EDD /* BackgroundView.swift in Sources */,
				1C28F9F22B2F867F005D6EDD /* SensorDataView.swift in Sources */,
				1C2A40882B055A1A0042111D /* ContentView.swift in Sources */,
				1C28F9FE2B2FCFBC005D6EDD /* DeviceDataModel.swift in Sources */,
				1C2A40B02B063C900042111D /* BluetoothService.swift in Sources */,
				1C28F9F72B2F9805005D6EDD /* ConnectBluetoothService.swift in Sources */,
				1C28F9F02B2F83E2005D6EDD /* ConnectionView.swift in Sources */,
				1C2A40862B055A1A0042111D /* IoT_ESP32_BLEApp.swift in Sources */,
			);
			runOnlyForDeploymentPostprocessing = 0;
		};
		1C2A408E2B055A1D0042111D /* Sources */ = {
			isa = PBXSourcesBuildPhase;
			buildActionMask = 2147483647;
			files = (
				1C2A40972B055A1D0042111D /* IoT_ESP32_BLETests.swift in Sources */,
			);
			runOnlyForDeploymentPostprocessing = 0;
		};
		1C2A40982B055A1D0042111D /* Sources */ = {
			isa = PBXSourcesBuildPhase;
			buildActionMask = 2147483647;
			files = (
				1C2A40A12B055A1D0042111D /* IoT_ESP32_BLEUITests.swift in Sources */,
				1C2A40A32B055A1D0042111D /* IoT_ESP32_BLEUITestsLaunchTests.swift in Sources */,
			);
			runOnlyForDeploymentPostprocessing = 0;
		};
/* End PBXSourcesBuildPhase section */

/* Begin PBXTargetDependency section */
		1C2A40942B055A1D0042111D /* PBXTargetDependency */ = {
			isa = PBXTargetDependency;
			target = 1C2A40812B055A1A0042111D /* IoT_ESP32_BLE */;
			targetProxy = 1C2A40932B055A1D0042111D /* PBXContainerItemProxy */;
		};
		1C2A409E2B055A1D0042111D /* PBXTargetDependency */ = {
			isa = PBXTargetDependency;
			target = 1C2A40812B055A1A0042111D /* IoT_ESP32_BLE */;
			targetProxy = 1C2A409D2B055A1D0042111D /* PBXContainerItemProxy */;
		};
/* End PBXTargetDependency section */

/* Begin XCBuildConfiguration section */
		1C2A40A42B055A1D0042111D /* Debug */ = {
			isa = XCBuildConfiguration;
			buildSettings = {
				ALWAYS_SEARCH_USER_PATHS = NO;
				ASSETCATALOG_COMPILER_GENERATE_SWIFT_ASSET_SYMBOL_EXTENSIONS = YES;
				CLANG_ANALYZER_NONNULL = YES;
				CLANG_ANALYZER_NUMBER_OBJECT_CONVERSION = YES_AGGRESSIVE;
				CLANG_CXX_LANGUAGE_STANDARD = "gnu++20";
				CLANG_ENABLE_MODULES = YES;
				CLANG_ENABLE_OBJC_ARC = YES;
				CLANG_ENABLE_OBJC_WEAK = YES;
				CLANG_WARN_BLOCK_CAPTURE_AUTORELEASING = YES;
				CLANG_WARN_BOOL_CONVERSION = YES;
				CLANG_WARN_COMMA = YES;
				CLANG_WARN_CONSTANT_CONVERSION = YES;
				CLANG_WARN_DEPRECATED_OBJC_IMPLEMENTATIONS = YES;
				CLANG_WARN_DIRECT_OBJC_ISA_USAGE = YES_ERROR;
				CLANG_WARN_DOCUMENTATION_COMMENTS = YES;
				CLANG_WARN_EMPTY_BODY = YES;
				CLANG_WARN_ENUM_CONVERSION = YES;
				CLANG_WARN_INFINITE_RECURSION = YES;
				CLANG_WARN_INT_CONVERSION = YES;
				CLANG_WARN_NON_LITERAL_NULL_CONVERSION = YES;
				CLANG_WARN_OBJC_IMPLICIT_RETAIN_SELF = YES;
				CLANG_WARN_OBJC_LITERAL_CONVERSION = YES;
				CLANG_WARN_OBJC_ROOT_CLASS = YES_ERROR;
				CLANG_WARN_QUOTED_INCLUDE_IN_FRAMEWORK_HEADER = YES;
				CLANG_WARN_RANGE_LOOP_ANALYSIS = YES;
				CLANG_WARN_STRICT_PROTOTYPES = YES;
				CLANG_WARN_SUSPICIOUS_MOVE = YES;
				CLANG_WARN_UNGUARDED_AVAILABILITY = YES_AGGRESSIVE;
				CLANG_WARN_UNREACHABLE_CODE = YES;
				CLANG_WARN__DUPLICATE_METHOD_MATCH = YES;
				COPY_PHASE_STRIP = NO;
				DEBUG_INFORMATION_FORMAT = dwarf;
				ENABLE_STRICT_OBJC_MSGSEND = YES;
				ENABLE_TESTABILITY = YES;
				ENABLE_USER_SCRIPT_SANDBOXING = YES;
				GCC_C_LANGUAGE_STANDARD = gnu17;
				GCC_DYNAMIC_NO_PIC = NO;
				GCC_NO_COMMON_BLOCKS = YES;
				GCC_OPTIMIZATION_LEVEL = 0;
				GCC_PREPROCESSOR_DEFINITIONS = (
					"DEBUG=1",
					"$(inherited)",
				);
				GCC_WARN_64_TO_32_BIT_CONVERSION = YES;
				GCC_WARN_ABOUT_RETURN_TYPE = YES_ERROR;
				GCC_WARN_UNDECLARED_SELECTOR = YES;
				GCC_WARN_UNINITIALIZED_AUTOS = YES_AGGRESSIVE;
				GCC_WARN_UNUSED_FUNCTION = YES;
				GCC_WARN_UNUSED_VARIABLE = YES;
				IPHONEOS_DEPLOYMENT_TARGET = 17.0;
				LOCALIZATION_PREFERS_STRING_CATALOGS = YES;
				MTL_ENABLE_DEBUG_INFO = INCLUDE_SOURCE;
				MTL_FAST_MATH = YES;
				ONLY_ACTIVE_ARCH = YES;
				SDKROOT = iphoneos;
				SWIFT_ACTIVE_COMPILATION_CONDITIONS = "DEBUG $(inherited)";
				SWIFT_OPTIMIZATION_LEVEL = "-Onone";
			};
			name = Debug;
		};
		1C2A40A52B055A1D0042111D /* Release */ = {
			isa = XCBuildConfiguration;
			buildSettings = {
				ALWAYS_SEARCH_USER_PATHS = NO;
				ASSETCATALOG_COMPILER_GENERATE_SWIFT_ASSET_SYMBOL_EXTENSIONS = YES;
				CLANG_ANALYZER_NONNULL = YES;
				CLANG_ANALYZER_NUMBER_OBJECT_CONVERSION = YES_AGGRESSIVE;
				CLANG_CXX_LANGUAGE_STANDARD = "gnu++20";
				CLANG_ENABLE_MODULES = YES;
				CLANG_ENABLE_OBJC_ARC = YES;
				CLANG_ENABLE_OBJC_WEAK = YES;
				CLANG_WARN_BLOCK_CAPTURE_AUTORELEASING = YES;
				CLANG_WARN_BOOL_CONVERSION = YES;
				CLANG_WARN_COMMA = YES;
				CLANG_WARN_CONSTANT_CONVERSION = YES;
				CLANG_WARN_DEPRECATED_OBJC_IMPLEMENTATIONS = YES;
				CLANG_WARN_DIRECT_OBJC_ISA_USAGE = YES_ERROR;
				CLANG_WARN_DOCUMENTATION_COMMENTS = YES;
				CLANG_WARN_EMPTY_BODY = YES;
				CLANG_WARN_ENUM_CONVERSION = YES;
				CLANG_WARN_INFINITE_RECURSION = YES;
				CLANG_WARN_INT_CONVERSION = YES;
				CLANG_WARN_NON_LITERAL_NULL_CONVERSION = YES;
				CLANG_WARN_OBJC_IMPLICIT_RETAIN_SELF = YES;
				CLANG_WARN_OBJC_LITERAL_CONVERSION = YES;
				CLANG_WARN_OBJC_ROOT_CLASS = YES_ERROR;
				CLANG_WARN_QUOTED_INCLUDE_IN_FRAMEWORK_HEADER = YES;
				CLANG_WARN_RANGE_LOOP_ANALYSIS = YES;
				CLANG_WARN_STRICT_PROTOTYPES = YES;
				CLANG_WARN_SUSPICIOUS_MOVE = YES;
				CLANG_WARN_UNGUARDED_AVAILABILITY = YES_AGGRESSIVE;
				CLANG_WARN_UNREACHABLE_CODE = YES;
				CLANG_WARN__DUPLICATE_METHOD_MATCH = YES;
				COPY_PHASE_STRIP = NO;
				DEBUG_INFORMATION_FORMAT = "dwarf-with-dsym";
				ENABLE_NS_ASSERTIONS = NO;
				ENABLE_STRICT_OBJC_MSGSEND = YES;
				ENABLE_USER_SCRIPT_SANDBOXING = YES;
				GCC_C_LANGUAGE_STANDARD = gnu17;
				GCC_NO_COMMON_BLOCKS = YES;
				GCC_WARN_64_TO_32_BIT_CONVERSION = YES;
				GCC_WARN_ABOUT_RETURN_TYPE = YES_ERROR;
				GCC_WARN_UNDECLARED_SELECTOR = YES;
				GCC_WARN_UNINITIALIZED_AUTOS = YES_AGGRESSIVE;
				GCC_WARN_UNUSED_FUNCTION = YES;
				GCC_WARN_UNUSED_VARIABLE = YES;
				IPHONEOS_DEPLOYMENT_TARGET = 17.0;
				LOCALIZATION_PREFERS_STRING_CATALOGS = YES;
				MTL_ENABLE_DEBUG_INFO = NO;
				MTL_FAST_MATH = YES;
				SDKROOT = iphoneos;
				SWIFT_COMPILATION_MODE = wholemodule;
				VALIDATE_PRODUCT = YES;
			};
			name = Release;
		};
		1C2A40A72B055A1D0042111D /* Debug */ = {
			isa = XCBuildConfiguration;
			buildSettings = {
				ASSETCATALOG_COMPILER_APPICON_NAME = AppIcon;
				ASSETCATALOG_COMPILER_GLOBAL_ACCENT_COLOR_NAME = AccentColor;
				CODE_SIGN_STYLE = Automatic;
				CURRENT_PROJECT_VERSION = 1;
				DEVELOPMENT_ASSET_PATHS = "\"IoT_ESP32_BLE/Preview Content\"";
				DEVELOPMENT_TEAM = 83VB49G5S2;
				ENABLE_PREVIEWS = YES;
				GENERATE_INFOPLIST_FILE = YES;
				INFOPLIST_FILE = "IoT-ESP32-BLE-Info.plist";
				INFOPLIST_KEY_NSBluetoothAlwaysUsageDescription = Hello;
				INFOPLIST_KEY_UIApplicationSceneManifest_Generation = YES;
				INFOPLIST_KEY_UIApplicationSupportsIndirectInputEvents = YES;
				INFOPLIST_KEY_UILaunchScreen_Generation = YES;
				INFOPLIST_KEY_UISupportedInterfaceOrientations_iPad = "UIInterfaceOrientationPortrait UIInterfaceOrientationPortraitUpsideDown UIInterfaceOrientationLandscapeLeft UIInterfaceOrientationLandscapeRight";
				INFOPLIST_KEY_UISupportedInterfaceOrientations_iPhone = "UIInterfaceOrientationPortrait UIInterfaceOrientationLandscapeLeft UIInterfaceOrientationLandscapeRight";
				LD_RUNPATH_SEARCH_PATHS = (
					"$(inherited)",
					"@executable_path/Frameworks",
				);
				MARKETING_VERSION = 1.0;
				PRODUCT_BUNDLE_IDENTIFIER = "Personal.IoT-ESP32-BLE";
				PRODUCT_NAME = "$(TARGET_NAME)";
				SWIFT_EMIT_LOC_STRINGS = YES;
				SWIFT_VERSION = 5.0;
				TARGETED_DEVICE_FAMILY = "1,2";
			};
			name = Debug;
		};
		1C2A40A82B055A1D0042111D /* Release */ = {
			isa = XCBuildConfiguration;
			buildSettings = {
				ASSETCATALOG_COMPILER_APPICON_NAME = AppIcon;
				ASSETCATALOG_COMPILER_GLOBAL_ACCENT_COLOR_NAME = AccentColor;
				CODE_SIGN_STYLE = Automatic;
				CURRENT_PROJECT_VERSION = 1;
				DEVELOPMENT_ASSET_PATHS = "\"IoT_ESP32_BLE/Preview Content\"";
				DEVELOPMENT_TEAM = 83VB49G5S2;
				ENABLE_PREVIEWS = YES;
				GENERATE_INFOPLIST_FILE = YES;
				INFOPLIST_FILE = "IoT-ESP32-BLE-Info.plist";
				INFOPLIST_KEY_NSBluetoothAlwaysUsageDescription = Hello;
				INFOPLIST_KEY_UIApplicationSceneManifest_Generation = YES;
				INFOPLIST_KEY_UIApplicationSupportsIndirectInputEvents = YES;
				INFOPLIST_KEY_UILaunchScreen_Generation = YES;
				INFOPLIST_KEY_UISupportedInterfaceOrientations_iPad = "UIInterfaceOrientationPortrait UIInterfaceOrientationPortraitUpsideDown UIInterfaceOrientationLandscapeLeft UIInterfaceOrientationLandscapeRight";
				INFOPLIST_KEY_UISupportedInterfaceOrientations_iPhone = "UIInterfaceOrientationPortrait UIInterfaceOrientationLandscapeLeft UIInterfaceOrientationLandscapeRight";
				LD_RUNPATH_SEARCH_PATHS = (
					"$(inherited)",
					"@executable_path/Frameworks",
				);
				MARKETING_VERSION = 1.0;
				PRODUCT_BUNDLE_IDENTIFIER = "Personal.IoT-ESP32-BLE";
				PRODUCT_NAME = "$(TARGET_NAME)";
				SWIFT_EMIT_LOC_STRINGS = YES;
				SWIFT_VERSION = 5.0;
				TARGETED_DEVICE_FAMILY = "1,2";
			};
			name = Release;
		};
		1C2A40AA2B055A1D0042111D /* Debug */ = {
			isa = XCBuildConfiguration;
			buildSettings = {
				ALWAYS_EMBED_SWIFT_STANDARD_LIBRARIES = YES;
				BUNDLE_LOADER = "$(TEST_HOST)";
				CODE_SIGN_STYLE = Automatic;
				CURRENT_PROJECT_VERSION = 1;
				DEVELOPMENT_TEAM = 83VB49G5S2;
				GENERATE_INFOPLIST_FILE = YES;
				IPHONEOS_DEPLOYMENT_TARGET = 17.0;
				MARKETING_VERSION = 1.0;
				PRODUCT_BUNDLE_IDENTIFIER = "Personal.IoT-ESP32-BLETests";
				PRODUCT_NAME = "$(TARGET_NAME)";
				SWIFT_EMIT_LOC_STRINGS = NO;
				SWIFT_VERSION = 5.0;
				TARGETED_DEVICE_FAMILY = "1,2";
				TEST_HOST = "$(BUILT_PRODUCTS_DIR)/IoT_ESP32_BLE.app/$(BUNDLE_EXECUTABLE_FOLDER_PATH)/IoT_ESP32_BLE";
			};
			name = Debug;
		};
		1C2A40AB2B055A1D0042111D /* Release */ = {
			isa = XCBuildConfiguration;
			buildSettings = {
				ALWAYS_EMBED_SWIFT_STANDARD_LIBRARIES = YES;
				BUNDLE_LOADER = "$(TEST_HOST)";
				CODE_SIGN_STYLE = Automatic;
				CURRENT_PROJECT_VERSION = 1;
				DEVELOPMENT_TEAM = 83VB49G5S2;
				GENERATE_INFOPLIST_FILE = YES;
				IPHONEOS_DEPLOYMENT_TARGET = 17.0;
				MARKETING_VERSION = 1.0;
				PRODUCT_BUNDLE_IDENTIFIER = "Personal.IoT-ESP32-BLETests";
				PRODUCT_NAME = "$(TARGET_NAME)";
				SWIFT_EMIT_LOC_STRINGS = NO;
				SWIFT_VERSION = 5.0;
				TARGETED_DEVICE_FAMILY = "1,2";
				TEST_HOST = "$(BUILT_PRODUCTS_DIR)/IoT_ESP32_BLE.app/$(BUNDLE_EXECUTABLE_FOLDER_PATH)/IoT_ESP32_BLE";
			};
			name = Release;
		};
		1C2A40AD2B055A1D0042111D /* Debug */ = {
			isa = XCBuildConfiguration;
			buildSettings = {
				ALWAYS_EMBED_SWIFT_STANDARD_LIBRARIES = YES;
				CODE_SIGN_STYLE = Automatic;
				CURRENT_PROJECT_VERSION = 1;
				DEVELOPMENT_TEAM = 83VB49G5S2;
				GENERATE_INFOPLIST_FILE = YES;
				MARKETING_VERSION = 1.0;
				PRODUCT_BUNDLE_IDENTIFIER = "Personal.IoT-ESP32-BLEUITests";
				PRODUCT_NAME = "$(TARGET_NAME)";
				SWIFT_EMIT_LOC_STRINGS = NO;
				SWIFT_VERSION = 5.0;
				TARGETED_DEVICE_FAMILY = "1,2";
				TEST_TARGET_NAME = IoT_ESP32_BLE;
			};
			name = Debug;
		};
		1C2A40AE2B055A1D0042111D /* Release */ = {
			isa = XCBuildConfiguration;
			buildSettings = {
				ALWAYS_EMBED_SWIFT_STANDARD_LIBRARIES = YES;
				CODE_SIGN_STYLE = Automatic;
				CURRENT_PROJECT_VERSION = 1;
				DEVELOPMENT_TEAM = 83VB49G5S2;
				GENERATE_INFOPLIST_FILE = YES;
				MARKETING_VERSION = 1.0;
				PRODUCT_BUNDLE_IDENTIFIER = "Personal.IoT-ESP32-BLEUITests";
				PRODUCT_NAME = "$(TARGET_NAME)";
				SWIFT_EMIT_LOC_STRINGS = NO;
				SWIFT_VERSION = 5.0;
				TARGETED_DEVICE_FAMILY = "1,2";
				TEST_TARGET_NAME = IoT_ESP32_BLE;
			};
			name = Release;
		};
/* End XCBuildConfiguration section */

/* Begin XCConfigurationList section */
		1C2A407D2B055A1A0042111D /* Build configuration list for PBXProject "IoT_ESP32_BLE" */ = {
			isa = XCConfigurationList;
			buildConfigurations = (
				1C2A40A42B055A1D0042111D /* Debug */,
				1C2A40A52B055A1D0042111D /* Release */,
			);
			defaultConfigurationIsVisible = 0;
			defaultConfigurationName = Release;
		};
		1C2A40A62B055A1D0042111D /* Build configuration list for PBXNativeTarget "IoT_ESP32_BLE" */ = {
			isa = XCConfigurationList;
			buildConfigurations = (
				1C2A40A72B055A1D0042111D /* Debug */,
				1C2A40A82B055A1D0042111D /* Release */,
			);
			defaultConfigurationIsVisible = 0;
			defaultConfigurationName = Release;
		};
		1C2A40A92B055A1D0042111D /* Build configuration list for PBXNativeTarget "IoT_ESP32_BLETests" */ = {
			isa = XCConfigurationList;
			buildConfigurations = (
				1C2A40AA2B055A1D0042111D /* Debug */,
				1C2A40AB2B055A1D0042111D /* Release */,
			);
			defaultConfigurationIsVisible = 0;
			defaultConfigurationName = Release;
		};
		1C2A40AC2B055A1D0042111D /* Build configuration list for PBXNativeTarget "IoT_ESP32_BLEUITests" */ = {
			isa = XCConfigurationList;
			buildConfigurations = (
				1C2A40AD2B055A1D0042111D /* Debug */,
				1C2A40AE2B055A1D0042111D /* Release */,
			);
			defaultConfigurationIsVisible = 0;
			defaultConfigurationName = Release;
		};
/* End XCConfigurationList section */
	};
	rootObject = 1C2A407A2B055A1A0042111D /* Project object */;
}
